
Microsoft Visual Studio Solution File, Format Version 12.00
# Visual Studio Version 17
VisualStudioVersion = 17.7.34221.43
MinimumVisualStudioVersion = 10.0.40219.1
Project("{8BC9CEB8-8B4A-11D0-8D11-00A0C91BC942}") = "csv_example", "csv_example.vcxproj", "{DD04A1CB-2216-45B2-93AC-8FE7D4AC33AE}"
EndProject
Global
	GlobalSection(SolutionConfigurationPlatforms) = preSolution
		Debug|x64 = Debug|x64
		Debug|x86 = Debug|x86
		Release|x64 = Release|x64
		Release|x86 = Release|x86
	EndGlobalSection
	GlobalSection(ProjectConfigurationPlatforms) = postSolution
		{DD04A1CB-2216-45B2-93AC-8FE7D4AC33AE}.Debug|x64.ActiveCfg = Debug|x64
		{DD04A1CB-2216-45B2-93AC-8FE7D4AC33AE}.Debug|x64.Build.0 = Debug|x64
		{DD04A1CB-2216-45B2-93AC-8FE7D4AC33AE}.Debug|x86.ActiveCfg = Debug|Win32
		{DD04A1CB-2216-45B2-93AC-8FE7D4AC33AE}.Debug|x86.Build.0 = Debug|Win32
		{DD04A1CB-2216-45B2-93AC-8FE7D4AC33AE}.Release|x64.ActiveCfg = Release|x64
		{DD04A1CB-2216-45B2-93AC-8FE7D4AC33AE}.Release|x64.Build.0 = Release|x64
		{DD04A1CB-2216-45B2-93AC-8FE7D4AC33AE}.Release|x86.ActiveCfg = Release|Win32
		{DD04A1CB-2216-45B2-93AC-8FE7D4AC33AE}.Release|x86.Build.0 = Release|Win32
	EndGlobalSection
	GlobalSection(SolutionProperties) = preSolution
		HideSolutionNode = FALSE
	EndGlobalSection
	GlobalSection(ExtensibilityGlobals) = postSolution
		SolutionGuid = {D5159FD6-1DB5-4E54-855E-C5FE924CA59D}
	EndGlobalSection
EndGlobal
